# This file is automatically @generated by Poetry 2.1.1 and should not be changed by hand.

[[package]]
name = "boto3"
version = "1.37.24"
description = "The AWS SDK for Python"
optional = false
python-versions = ">=3.8"
groups = ["main"]
files = [
    {file = "boto3-1.37.24-py3-none-any.whl", hash = "sha256:2f2b8f82a5d7f89283973bf2cab771b90c09348799e78b2a25c60cd22c443514"},
    {file = "boto3-1.37.24.tar.gz", hash = "sha256:1d3c6fc63a9efba0af8b531ec6b7f7c6b0ef197bf3dcd875f03c9097ac68b58f"},
]

[package.dependencies]
botocore = ">=1.37.24,<1.38.0"
jmespath = ">=0.7.1,<2.0.0"
s3transfer = ">=0.11.0,<0.12.0"

[package.extras]
crt = ["botocore[crt] (>=1.21.0,<2.0a0)"]

[[package]]
name = "botocore"
version = "1.37.24"
description = "Low-level, data-driven core of boto 3."
optional = false
python-versions = ">=3.8"
groups = ["main"]
files = [
    {file = "botocore-1.37.24-py3-none-any.whl", hash = "sha256:f1a55332cca85a6556af8941cccdaf5d2d00336647d9e89f31174f2361ffb4f2"},
    {file = "botocore-1.37.24.tar.gz", hash = "sha256:a0bcc3c376a371f2c11afcbcc9917010c1c0a701d0e45d1ea3ec3bddeb06a8ff"},
]

[package.dependencies]
jmespath = ">=0.7.1,<2.0.0"
python-dateutil = ">=2.1,<3.0.0"
urllib3 = {version = ">=1.25.4,<2.2.0 || >2.2.0,<3", markers = "python_version >= \"3.10\""}

[package.extras]
crt = ["awscrt (==0.23.8)"]

[[package]]
name = "certifi"
version = "2024.7.4"
description = "Python package for providing Mozilla's CA Bundle."
optional = false
python-versions = ">=3.6"
groups = ["main"]
files = [
    {file = "certifi-2024.7.4-py3-none-any.whl", hash = "sha256:c198e21b1289c2ab85ee4e67bb4b4ef3ead0892059901a8d5b622f24a1101e90"},
    {file = "certifi-2024.7.4.tar.gz", hash = "sha256:5a1e7645bc0ec61a09e26c36f6106dd4cf40c6db3a1fb6352b0244e7fb057c7b"},
]

[[package]]
name = "click"
version = "8.1.8"
description = "Composable command line interface toolkit"
optional = false
python-versions = ">=3.7"
groups = ["main"]
files = [
    {file = "click-8.1.8-py3-none-any.whl", hash = "sha256:63c132bbbed01578a06712a2d1f497bb62d9c1c0d329b7903a866228027263b2"},
    {file = "click-8.1.8.tar.gz", hash = "sha256:ed53c9d8990d83c2a27deae68e4ee337473f6330c040a31d4225c9574d16096a"},
]

[package.dependencies]
colorama = {version = "*", markers = "platform_system == \"Windows\""}

[[package]]
name = "colorama"
version = "0.4.6"
description = "Cross-platform colored terminal text."
optional = false
python-versions = "!=3.0.*,!=3.1.*,!=3.2.*,!=3.3.*,!=3.4.*,!=3.5.*,!=3.6.*,>=2.7"
groups = ["main"]
markers = "platform_system == \"Windows\" or sys_platform == \"win32\""
files = [
    {file = "colorama-0.4.6-py2.py3-none-any.whl", hash = "sha256:4f1d9991f5acc0ca119f9d443620b77f9d6b33703e51011c16baf57afb285fc6"},
    {file = "colorama-0.4.6.tar.gz", hash = "sha256:08695f5cb7ed6e0531a20572697297273c47b8cae5a63ffc6d6ed5c201be6e44"},
]

[[package]]
name = "confluent-kafka"
version = "2.11.1"
description = "Confluent's Python client for Apache Kafka"
optional = false
python-versions = ">=3.7"
groups = ["main"]
files = [
    {file = "confluent_kafka-2.11.1-cp310-cp310-macosx_10_9_x86_64.whl", hash = "sha256:d3d5a693c8dbfad16436699434cf0baf82b87c860ec12298d5e06d3a96f38c28"},
    {file = "confluent_kafka-2.11.1-cp310-cp310-macosx_11_0_arm64.whl", hash = "sha256:9763c527b1b4c72415419ea1639b14d4b4fd5c395dc24e2503699c5ad540f62e"},
    {file = "confluent_kafka-2.11.1-cp310-cp310-manylinux_2_28_aarch64.whl", hash = "sha256:ed5a36c1e550eddb6343e8132d3fe01ce23ecd04e63bf0492fbf9a51c70cabd3"},
    {file = "confluent_kafka-2.11.1-cp310-cp310-manylinux_2_28_x86_64.whl", hash = "sha256:d2facbdb175f625005f5acdcf0179d758e1c9fe46460593b05345147ee948411"},
    {file = "confluent_kafka-2.11.1-cp310-cp310-win_amd64.whl", hash = "sha256:0b1b7b8cb980a08fa06d982bd452dc488e1635ab05b371039269da411c9d5095"},
    {file = "confluent_kafka-2.11.1-cp311-cp311-macosx_10_9_x86_64.whl", hash = "sha256:407ce01ea64d29aa6dedecd54b775563f10ed5ce97067b37ee68c8e021a489f5"},
    {file = "confluent_kafka-2.11.1-cp311-cp311-macosx_11_0_arm64.whl", hash = "sha256:bc0fedcc007c32a94cf96bca5075b39b2d38d1f72a88bbc4b81dbdf24ae55663"},
    {file = "confluent_kafka-2.11.1-cp311-cp311-manylinux_2_28_aarch64.whl", hash = "sha256:be2d13b1b754f85a5c1ccfc60266e2ce108477942b59b72cc07941eb4d671379"},
    {file = "confluent_kafka-2.11.1-cp311-cp311-manylinux_2_28_x86_64.whl", hash = "sha256:61caa7929443ca0bf4ac5c61d37fbc3e77f5fa094adf2337eb62d2742a0b2290"},
    {file = "confluent_kafka-2.11.1-cp311-cp311-win_amd64.whl", hash = "sha256:943b976a1de21176f29efab8d86f3cc3460ee8017d6ff3d471d4a0dac3551d85"},
    {file = "confluent_kafka-2.11.1-cp312-cp312-macosx_10_9_x86_64.whl", hash = "sha256:2c8e2e2d26ac58037d710f49c0ced0db5af88bc4e7714e65310a6855de3f7f73"},
    {file = "confluent_kafka-2.11.1-cp312-cp312-macosx_11_0_arm64.whl", hash = "sha256:44bc1bfcfb71ca0f5ab71312a8735678b3132e8f89fbed70285aaf1b5234e4f3"},
    {file = "confluent_kafka-2.11.1-cp312-cp312-manylinux_2_28_aarch64.whl", hash = "sha256:bc6842dc30ef258e4c5b7c6e322d992cd001b6e319838aa7a6ec210374e16830"},
    {file = "confluent_kafka-2.11.1-cp312-cp312-manylinux_2_28_x86_64.whl", hash = "sha256:3e01607c3613863fb0f4f86c7fc3421c4af6f70686bf903ab475c113dfacb372"},
    {file = "confluent_kafka-2.11.1-cp312-cp312-win_amd64.whl", hash = "sha256:4b4c371090ded6084c893a51e8aba19bc8ae6ce9c019658cb11fab82b3e93458"},
    {file = "confluent_kafka-2.11.1-cp313-cp313-macosx_13_0_arm64.whl", hash = "sha256:9618041f031320e113f9dc533c0dbd1d768dd008855ae4be1ed21148442f146e"},
    {file = "confluent_kafka-2.11.1-cp313-cp313-macosx_13_0_x86_64.whl", hash = "sha256:4f8d9dee49975a63b31dd71f0a0b4d3a2af9754a21d18d218fec6c0d9cb6eea3"},
    {file = "confluent_kafka-2.11.1-cp313-cp313-manylinux_2_28_aarch64.whl", hash = "sha256:e173c3e021bd525c14ea107a960c467d9fc7fe7e7d72cde1308bcddd58774f86"},
    {file = "confluent_kafka-2.11.1-cp313-cp313-manylinux_2_28_x86_64.whl", hash = "sha256:639b7b776dc1d830b0ee4188487c54977fe7d5bf70befbdcf222ac9e1b72ab7e"},
    {file = "confluent_kafka-2.11.1-cp313-cp313-win_amd64.whl", hash = "sha256:09f7703fe54429911f7d1cdf62c3044c4b7eaefa0af9d2dbcf4b513d97673380"},
    {file = "confluent_kafka-2.11.1-cp313-cp313t-manylinux_2_28_aarch64.whl", hash = "sha256:bc6eceedf0cda75ea666899d972ca9c68b529f1ff36ed99f5f15503d0d08d1b3"},
    {file = "confluent_kafka-2.11.1-cp37-cp37m-macosx_10_9_x86_64.whl", hash = "sha256:0693c5460d78972e3e8c9f3d71f0439b5657859b746fe8eb2b4fc219a88197d7"},
    {file = "confluent_kafka-2.11.1-cp37-cp37m-manylinux_2_28_x86_64.whl", hash = "sha256:639a0750dca55be76429afbc00c5fb8ba7ae5d502368216175fea87a636a1ab5"},
    {file = "confluent_kafka-2.11.1-cp37-cp37m-win_amd64.whl", hash = "sha256:186e3af2b6ef09f9c494f9afc93c6d91192f860a47b1f02c1fb674df1091f941"},
    {file = "confluent_kafka-2.11.1-cp38-cp38-macosx_10_9_x86_64.whl", hash = "sha256:d7f5ebb949053acc2980e3569c054f5311dbd925bfdc06e422c29b20516a157d"},
    {file = "confluent_kafka-2.11.1-cp38-cp38-macosx_11_0_arm64.whl", hash = "sha256:703ba9aa7e3144f532a096df6c3f7ae1ca9e1e222be1f460eb0c9eb90bcbec16"},
    {file = "confluent_kafka-2.11.1-cp38-cp38-manylinux_2_28_aarch64.whl", hash = "sha256:ceda896d422e5e3f20c59794fd851238393585fd09c27a3f18c522ec4e8da501"},
    {file = "confluent_kafka-2.11.1-cp38-cp38-manylinux_2_28_x86_64.whl", hash = "sha256:0aa38b69f4a6ad654a2e2533589e5e782aa49c8d78b695ffa77a2d1022d58c27"},
    {file = "confluent_kafka-2.11.1-cp38-cp38-win_amd64.whl", hash = "sha256:d03700545229c07523b92772211c415a43473b2da9f0ff19a4e55e5e2786515d"},
    {file = "confluent_kafka-2.11.1-cp39-cp39-macosx_10_9_x86_64.whl", hash = "sha256:f5ead893e62826f9d9ae4f1ac1c49deeb6ce902d6465711f3472a1a20e6f085d"},
    {file = "confluent_kafka-2.11.1-cp39-cp39-macosx_11_0_arm64.whl", hash = "sha256:e85ced92aed1f478bc7343d627c6f9d830a9010a517ce5b2e1c8ad913a0527ad"},
    {file = "confluent_kafka-2.11.1-cp39-cp39-manylinux_2_28_aarch64.whl", hash = "sha256:6ada70d7a6a98b5b0759a3eed79dce5f0328c069137bf8fc69851f6bf177e0c7"},
    {file = "confluent_kafka-2.11.1-cp39-cp39-manylinux_2_28_x86_64.whl", hash = "sha256:a5c2c28a992d2269591a581154bcc415f1f1f47c4c2f4cdc20feda6ce2f63c87"},
    {file = "confluent_kafka-2.11.1-cp39-cp39-win_amd64.whl", hash = "sha256:51ce6f6fcad71bced56fee5088c9186b64046ec3d2e5aa1201e1a2afff773182"},
    {file = "confluent_kafka-2.11.1.tar.gz", hash = "sha256:a9366d9dc07a527ed0dcef9c24ba38238cf9dc63c3f53b79da15d45ce4459166"},
]

[package.extras]
all = ["async-timeout", "attrs", "attrs (>=21.2.0)", "authlib (>=1.0.0)", "authlib (>=1.0.0)", "avro (>=1.11.1,<2)", "avro (>=1.11.1,<2)", "azure-identity", "azure-identity", "azure-keyvault-keys", "azure-keyvault-keys", "boto3", "boto3 (>=1.35)", "cachetools", "cachetools (>=5.5.0)", "cel-python (>=0.4.0)", "cel-python (>=0.4.0)", "confluent-kafka", "fastapi", "fastavro (<1.8.0) ; python_version == \"3.7\"", "fastavro (<1.8.0) ; python_version == \"3.7\"", "fastavro (<2) ; python_version > \"3.7\"", "fastavro (<2) ; python_version > \"3.7\"", "flake8", "google-api-core", "google-api-core", "google-auth", "google-auth", "google-cloud-kms", "google-cloud-kms", "googleapis-common-protos", "googleapis-common-protos", "hkdf (==0.0.3)", "hkdf (==0.0.3)", "httpx (>=0.26)", "httpx (>=0.26)", "hvac", "hvac", "jsonata-python", "jsonata-python", "jsonschema", "jsonschema", "opentelemetry-distro", "opentelemetry-exporter-otlp", "orjson", "orjson (>=3.10)", "pluggy (<1.6.0)", "protobuf", "protobuf", "psutil", "pydantic", "pyrsistent", "pyrsistent", "pytest", "pytest-asyncio", "pytest-timeout", "pytest_cov", "pyyaml (>=6.0.0)", "pyyaml (>=6.0.0)", "requests", "requests", "requests-mock", "respx", "six", "sphinx", "sphinx-rtd-theme", "tink", "tink", "urllib3 (<2) ; python_version <= \"3.7\"", "urllib3 (<3) ; python_version > \"3.7\"", "uvicorn"]
avro = ["attrs (>=21.2.0)", "authlib (>=1.0.0)", "avro (>=1.11.1,<2)", "cachetools (>=5.5.0)", "fastavro (<1.8.0) ; python_version == \"3.7\"", "fastavro (<2) ; python_version > \"3.7\"", "httpx (>=0.26)", "orjson (>=3.10)", "requests"]
dev = ["async-timeout", "attrs", "attrs (>=21.2.0)", "authlib (>=1.0.0)", "authlib (>=1.0.0)", "avro (>=1.11.1,<2)", "avro (>=1.11.1,<2)", "azure-identity", "azure-identity", "azure-keyvault-keys", "azure-keyvault-keys", "boto3", "boto3 (>=1.35)", "cachetools", "cachetools (>=5.5.0)", "cel-python (>=0.4.0)", "cel-python (>=0.4.0)", "confluent-kafka", "fastapi", "fastavro (<1.8.0) ; python_version == \"3.7\"", "fastavro (<1.8.0) ; python_version == \"3.7\"", "fastavro (<2) ; python_version > \"3.7\"", "fastavro (<2) ; python_version > \"3.7\"", "flake8", "google-api-core", "google-api-core", "google-auth", "google-auth", "google-cloud-kms", "google-cloud-kms", "googleapis-common-protos", "googleapis-common-protos", "hkdf (==0.0.3)", "hkdf (==0.0.3)", "httpx (>=0.26)", "httpx (>=0.26)", "hvac", "hvac", "jsonata-python", "jsonata-python", "jsonschema", "jsonschema", "orjson", "orjson (>=3.10)", "pluggy (<1.6.0)", "protobuf", "protobuf", "pydantic", "pyrsistent", "pyrsistent", "pytest", "pytest-asyncio", "pytest-timeout", "pytest_cov", "pyyaml (>=6.0.0)", "pyyaml (>=6.0.0)", "requests", "requests", "requests-mock", "respx", "six", "sphinx", "sphinx-rtd-theme", "tink", "tink", "urllib3 (<2) ; python_version <= \"3.7\"", "urllib3 (<3) ; python_version > \"3.7\"", "uvicorn"]
docs = ["attrs (>=21.2.0)", "authlib (>=1.0.0)", "avro (>=1.11.1,<2)", "azure-identity", "azure-keyvault-keys", "boto3 (>=1.35)", "cachetools (>=5.5.0)", "cel-python (>=0.4.0)", "fastavro (<1.8.0) ; python_version == \"3.7\"", "fastavro (<2) ; python_version > \"3.7\"", "google-api-core", "google-auth", "google-cloud-kms", "googleapis-common-protos", "hkdf (==0.0.3)", "httpx (>=0.26)", "hvac", "jsonata-python", "jsonschema", "orjson (>=3.10)", "protobuf", "pyrsistent", "pyyaml (>=6.0.0)", "requests", "sphinx", "sphinx-rtd-theme", "tink"]
examples = ["attrs", "authlib (>=1.0.0)", "avro (>=1.11.1,<2)", "azure-identity", "azure-keyvault-keys", "boto3", "cachetools", "cel-python (>=0.4.0)", "confluent-kafka", "fastapi", "fastavro (<1.8.0) ; python_version == \"3.7\"", "fastavro (<2) ; python_version > \"3.7\"", "google-api-core", "google-auth", "google-cloud-kms", "googleapis-common-protos", "hkdf (==0.0.3)", "httpx (>=0.26)", "hvac", "jsonata-python", "jsonschema", "protobuf", "pydantic", "pyrsistent", "pyyaml (>=6.0.0)", "requests", "six", "tink", "uvicorn"]
json = ["attrs (>=21.2.0)", "authlib (>=1.0.0)", "cachetools (>=5.5.0)", "httpx (>=0.26)", "jsonschema", "orjson (>=3.10)", "pyrsistent"]
protobuf = ["attrs (>=21.2.0)", "authlib (>=1.0.0)", "cachetools (>=5.5.0)", "googleapis-common-protos", "httpx (>=0.26)", "orjson (>=3.10)", "protobuf"]
rules = ["attrs (>=21.2.0)", "authlib (>=1.0.0)", "azure-identity", "azure-keyvault-keys", "boto3 (>=1.35)", "cachetools (>=5.5.0)", "cel-python (>=0.4.0)", "google-api-core", "google-auth", "google-cloud-kms", "hkdf (==0.0.3)", "httpx (>=0.26)", "hvac", "jsonata-python", "orjson (>=3.10)", "pyyaml (>=6.0.0)", "tink"]
schema-registry = ["attrs (>=21.2.0)", "authlib (>=1.0.0)", "cachetools (>=5.5.0)", "httpx (>=0.26)", "orjson (>=3.10)"]
schemaregistry = ["attrs (>=21.2.0)", "authlib (>=1.0.0)", "cachetools (>=5.5.0)", "httpx (>=0.26)", "orjson (>=3.10)"]
soaktest = ["opentelemetry-distro", "opentelemetry-exporter-otlp", "psutil"]
tests = ["async-timeout", "attrs (>=21.2.0)", "authlib (>=1.0.0)", "avro (>=1.11.1,<2)", "azure-identity", "azure-keyvault-keys", "boto3 (>=1.35)", "cachetools (>=5.5.0)", "cel-python (>=0.4.0)", "fastavro (<1.8.0) ; python_version == \"3.7\"", "fastavro (<2) ; python_version > \"3.7\"", "flake8", "google-api-core", "google-auth", "google-cloud-kms", "googleapis-common-protos", "hkdf (==0.0.3)", "httpx (>=0.26)", "hvac", "jsonata-python", "jsonschema", "orjson", "orjson (>=3.10)", "pluggy (<1.6.0)", "protobuf", "pyrsistent", "pytest", "pytest-asyncio", "pytest-timeout", "pytest_cov", "pyyaml (>=6.0.0)", "requests", "requests-mock", "respx", "tink", "urllib3 (<2) ; python_version <= \"3.7\"", "urllib3 (<3) ; python_version > \"3.7\""]

[[package]]
name = "coverage"
version = "7.6.7"
description = "Code coverage measurement for Python"
optional = false
python-versions = ">=3.9"
groups = ["main"]
files = [
    {file = "coverage-7.6.7-cp310-cp310-macosx_10_9_x86_64.whl", hash = "sha256:108bb458827765d538abcbf8288599fee07d2743357bdd9b9dad456c287e121e"},
    {file = "coverage-7.6.7-cp310-cp310-macosx_11_0_arm64.whl", hash = "sha256:c973b2fe4dc445cb865ab369df7521df9c27bf40715c837a113edaa2aa9faf45"},
    {file = "coverage-7.6.7-cp310-cp310-manylinux_2_17_aarch64.manylinux2014_aarch64.whl", hash = "sha256:3c6b24007c4bcd0b19fac25763a7cac5035c735ae017e9a349b927cfc88f31c1"},
    {file = "coverage-7.6.7-cp310-cp310-manylinux_2_5_i686.manylinux1_i686.manylinux_2_17_i686.manylinux2014_i686.whl", hash = "sha256:acbb8af78f8f91b3b51f58f288c0994ba63c646bc1a8a22ad072e4e7e0a49f1c"},
    {file = "coverage-7.6.7-cp310-cp310-manylinux_2_5_x86_64.manylinux1_x86_64.manylinux_2_17_x86_64.manylinux2014_x86_64.whl", hash = "sha256:ad32a981bcdedb8d2ace03b05e4fd8dace8901eec64a532b00b15217d3677dd2"},
    {file = "coverage-7.6.7-cp310-cp310-musllinux_1_2_aarch64.whl", hash = "sha256:34d23e28ccb26236718a3a78ba72744212aa383141961dd6825f6595005c8b06"},
    {file = "coverage-7.6.7-cp310-cp310-musllinux_1_2_i686.whl", hash = "sha256:e25bacb53a8c7325e34d45dddd2f2fbae0dbc230d0e2642e264a64e17322a777"},
    {file = "coverage-7.6.7-cp310-cp310-musllinux_1_2_x86_64.whl", hash = "sha256:af05bbba896c4472a29408455fe31b3797b4d8648ed0a2ccac03e074a77e2314"},
    {file = "coverage-7.6.7-cp310-cp310-win32.whl", hash = "sha256:796c9b107d11d2d69e1849b2dfe41730134b526a49d3acb98ca02f4985eeff7a"},
    {file = "coverage-7.6.7-cp310-cp310-win_amd64.whl", hash = "sha256:987a8e3da7da4eed10a20491cf790589a8e5e07656b6dc22d3814c4d88faf163"},
    {file = "coverage-7.6.7-cp311-cp311-macosx_10_9_x86_64.whl", hash = "sha256:7e61b0e77ff4dddebb35a0e8bb5a68bf0f8b872407d8d9f0c726b65dfabe2469"},
    {file = "coverage-7.6.7-cp311-cp311-macosx_11_0_arm64.whl", hash = "sha256:1a5407a75ca4abc20d6252efeb238377a71ce7bda849c26c7a9bece8680a5d99"},
    {file = "coverage-7.6.7-cp311-cp311-manylinux_2_17_aarch64.manylinux2014_aarch64.whl", hash = "sha256:df002e59f2d29e889c37abd0b9ee0d0e6e38c24f5f55d71ff0e09e3412a340ec"},
    {file = "coverage-7.6.7-cp311-cp311-manylinux_2_5_i686.manylinux1_i686.manylinux_2_17_i686.manylinux2014_i686.whl", hash = "sha256:673184b3156cba06154825f25af33baa2671ddae6343f23175764e65a8c4c30b"},
    {file = "coverage-7.6.7-cp311-cp311-manylinux_2_5_x86_64.manylinux1_x86_64.manylinux_2_17_x86_64.manylinux2014_x86_64.whl", hash = "sha256:e69ad502f1a2243f739f5bd60565d14a278be58be4c137d90799f2c263e7049a"},
    {file = "coverage-7.6.7-cp311-cp311-musllinux_1_2_aarch64.whl", hash = "sha256:60dcf7605c50ea72a14490d0756daffef77a5be15ed1b9fea468b1c7bda1bc3b"},
    {file = "coverage-7.6.7-cp311-cp311-musllinux_1_2_i686.whl", hash = "sha256:9c2eb378bebb2c8f65befcb5147877fc1c9fbc640fc0aad3add759b5df79d55d"},
    {file = "coverage-7.6.7-cp311-cp311-musllinux_1_2_x86_64.whl", hash = "sha256:3c0317288f032221d35fa4cbc35d9f4923ff0dfd176c79c9b356e8ef8ef2dff4"},
    {file = "coverage-7.6.7-cp311-cp311-win32.whl", hash = "sha256:951aade8297358f3618a6e0660dc74f6b52233c42089d28525749fc8267dccd2"},
    {file = "coverage-7.6.7-cp311-cp311-win_amd64.whl", hash = "sha256:5e444b8e88339a2a67ce07d41faabb1d60d1004820cee5a2c2b54e2d8e429a0f"},
    {file = "coverage-7.6.7-cp312-cp312-macosx_10_13_x86_64.whl", hash = "sha256:f07ff574986bc3edb80e2c36391678a271d555f91fd1d332a1e0f4b5ea4b6ea9"},
    {file = "coverage-7.6.7-cp312-cp312-macosx_11_0_arm64.whl", hash = "sha256:49ed5ee4109258973630c1f9d099c7e72c5c36605029f3a91fe9982c6076c82b"},
    {file = "coverage-7.6.7-cp312-cp312-manylinux_2_17_aarch64.manylinux2014_aarch64.whl", hash = "sha256:f3e8796434a8106b3ac025fd15417315d7a58ee3e600ad4dbcfddc3f4b14342c"},
    {file = "coverage-7.6.7-cp312-cp312-manylinux_2_5_i686.manylinux1_i686.manylinux_2_17_i686.manylinux2014_i686.whl", hash = "sha256:a3b925300484a3294d1c70f6b2b810d6526f2929de954e5b6be2bf8caa1f12c1"},
    {file = "coverage-7.6.7-cp312-cp312-manylinux_2_5_x86_64.manylinux1_x86_64.manylinux_2_17_x86_64.manylinux2014_x86_64.whl", hash = "sha256:3c42ec2c522e3ddd683dec5cdce8e62817afb648caedad9da725001fa530d354"},
    {file = "coverage-7.6.7-cp312-cp312-musllinux_1_2_aarch64.whl", hash = "sha256:0266b62cbea568bd5e93a4da364d05de422110cbed5056d69339bd5af5685433"},
    {file = "coverage-7.6.7-cp312-cp312-musllinux_1_2_i686.whl", hash = "sha256:e5f2a0f161d126ccc7038f1f3029184dbdf8f018230af17ef6fd6a707a5b881f"},
    {file = "coverage-7.6.7-cp312-cp312-musllinux_1_2_x86_64.whl", hash = "sha256:c132b5a22821f9b143f87446805e13580b67c670a548b96da945a8f6b4f2efbb"},
    {file = "coverage-7.6.7-cp312-cp312-win32.whl", hash = "sha256:7c07de0d2a110f02af30883cd7dddbe704887617d5c27cf373362667445a4c76"},
    {file = "coverage-7.6.7-cp312-cp312-win_amd64.whl", hash = "sha256:fd49c01e5057a451c30c9b892948976f5d38f2cbd04dc556a82743ba8e27ed8c"},
    {file = "coverage-7.6.7-cp313-cp313-macosx_10_13_x86_64.whl", hash = "sha256:46f21663e358beae6b368429ffadf14ed0a329996248a847a4322fb2e35d64d3"},
    {file = "coverage-7.6.7-cp313-cp313-macosx_11_0_arm64.whl", hash = "sha256:40cca284c7c310d622a1677f105e8507441d1bb7c226f41978ba7c86979609ab"},
    {file = "coverage-7.6.7-cp313-cp313-manylinux_2_17_aarch64.manylinux2014_aarch64.whl", hash = "sha256:77256ad2345c29fe59ae861aa11cfc74579c88d4e8dbf121cbe46b8e32aec808"},
    {file = "coverage-7.6.7-cp313-cp313-manylinux_2_5_i686.manylinux1_i686.manylinux_2_17_i686.manylinux2014_i686.whl", hash = "sha256:87ea64b9fa52bf395272e54020537990a28078478167ade6c61da7ac04dc14bc"},
    {file = "coverage-7.6.7-cp313-cp313-manylinux_2_5_x86_64.manylinux1_x86_64.manylinux_2_17_x86_64.manylinux2014_x86_64.whl", hash = "sha256:2d608a7808793e3615e54e9267519351c3ae204a6d85764d8337bd95993581a8"},
    {file = "coverage-7.6.7-cp313-cp313-musllinux_1_2_aarch64.whl", hash = "sha256:cdd94501d65adc5c24f8a1a0eda110452ba62b3f4aeaba01e021c1ed9cb8f34a"},
    {file = "coverage-7.6.7-cp313-cp313-musllinux_1_2_i686.whl", hash = "sha256:82c809a62e953867cf57e0548c2b8464207f5f3a6ff0e1e961683e79b89f2c55"},
    {file = "coverage-7.6.7-cp313-cp313-musllinux_1_2_x86_64.whl", hash = "sha256:bb684694e99d0b791a43e9fc0fa58efc15ec357ac48d25b619f207c41f2fd384"},
    {file = "coverage-7.6.7-cp313-cp313-win32.whl", hash = "sha256:963e4a08cbb0af6623e61492c0ec4c0ec5c5cf74db5f6564f98248d27ee57d30"},
    {file = "coverage-7.6.7-cp313-cp313-win_amd64.whl", hash = "sha256:14045b8bfd5909196a90da145a37f9d335a5d988a83db34e80f41e965fb7cb42"},
    {file = "coverage-7.6.7-cp313-cp313t-macosx_10_13_x86_64.whl", hash = "sha256:f2c7a045eef561e9544359a0bf5784b44e55cefc7261a20e730baa9220c83413"},
    {file = "coverage-7.6.7-cp313-cp313t-macosx_11_0_arm64.whl", hash = "sha256:5dd4e4a49d9c72a38d18d641135d2fb0bdf7b726ca60a103836b3d00a1182acd"},
    {file = "coverage-7.6.7-cp313-cp313t-manylinux_2_17_aarch64.manylinux2014_aarch64.whl", hash = "sha256:5c95e0fa3d1547cb6f021ab72f5c23402da2358beec0a8e6d19a368bd7b0fb37"},
    {file = "coverage-7.6.7-cp313-cp313t-manylinux_2_5_i686.manylinux1_i686.manylinux_2_17_i686.manylinux2014_i686.whl", hash = "sha256:f63e21ed474edd23f7501f89b53280014436e383a14b9bd77a648366c81dce7b"},
    {file = "coverage-7.6.7-cp313-cp313t-manylinux_2_5_x86_64.manylinux1_x86_64.manylinux_2_17_x86_64.manylinux2014_x86_64.whl", hash = "sha256:ead9b9605c54d15be228687552916c89c9683c215370c4a44f1f217d2adcc34d"},
    {file = "coverage-7.6.7-cp313-cp313t-musllinux_1_2_aarch64.whl", hash = "sha256:0573f5cbf39114270842d01872952d301027d2d6e2d84013f30966313cadb529"},
    {file = "coverage-7.6.7-cp313-cp313t-musllinux_1_2_i686.whl", hash = "sha256:e2c8e3384c12dfa19fa9a52f23eb091a8fad93b5b81a41b14c17c78e23dd1d8b"},
    {file = "coverage-7.6.7-cp313-cp313t-musllinux_1_2_x86_64.whl", hash = "sha256:70a56a2ec1869e6e9fa69ef6b76b1a8a7ef709972b9cc473f9ce9d26b5997ce3"},
    {file = "coverage-7.6.7-cp313-cp313t-win32.whl", hash = "sha256:dbba8210f5067398b2c4d96b4e64d8fb943644d5eb70be0d989067c8ca40c0f8"},
    {file = "coverage-7.6.7-cp313-cp313t-win_amd64.whl", hash = "sha256:dfd14bcae0c94004baba5184d1c935ae0d1231b8409eb6c103a5fd75e8ecdc56"},
    {file = "coverage-7.6.7-cp39-cp39-macosx_10_9_x86_64.whl", hash = "sha256:37a15573f988b67f7348916077c6d8ad43adb75e478d0910957394df397d2874"},
    {file = "coverage-7.6.7-cp39-cp39-macosx_11_0_arm64.whl", hash = "sha256:b6cce5c76985f81da3769c52203ee94722cd5d5889731cd70d31fee939b74bf0"},
    {file = "coverage-7.6.7-cp39-cp39-manylinux_2_17_aarch64.manylinux2014_aarch64.whl", hash = "sha256:a1ab9763d291a17b527ac6fd11d1a9a9c358280adb320e9c2672a97af346ac2c"},
    {file = "coverage-7.6.7-cp39-cp39-manylinux_2_5_i686.manylinux1_i686.manylinux_2_17_i686.manylinux2014_i686.whl", hash = "sha256:6cf96ceaa275f071f1bea3067f8fd43bec184a25a962c754024c973af871e1b7"},
    {file = "coverage-7.6.7-cp39-cp39-manylinux_2_5_x86_64.manylinux1_x86_64.manylinux_2_17_x86_64.manylinux2014_x86_64.whl", hash = "sha256:aee9cf6b0134d6f932d219ce253ef0e624f4fa588ee64830fcba193269e4daa3"},
    {file = "coverage-7.6.7-cp39-cp39-musllinux_1_2_aarch64.whl", hash = "sha256:2bc3e45c16564cc72de09e37413262b9f99167803e5e48c6156bccdfb22c8327"},
    {file = "coverage-7.6.7-cp39-cp39-musllinux_1_2_i686.whl", hash = "sha256:623e6965dcf4e28a3debaa6fcf4b99ee06d27218f46d43befe4db1c70841551c"},
    {file = "coverage-7.6.7-cp39-cp39-musllinux_1_2_x86_64.whl", hash = "sha256:850cfd2d6fc26f8346f422920ac204e1d28814e32e3a58c19c91980fa74d8289"},
    {file = "coverage-7.6.7-cp39-cp39-win32.whl", hash = "sha256:c296263093f099da4f51b3dff1eff5d4959b527d4f2f419e16508c5da9e15e8c"},
    {file = "coverage-7.6.7-cp39-cp39-win_amd64.whl", hash = "sha256:90746521206c88bdb305a4bf3342b1b7316ab80f804d40c536fc7d329301ee13"},
    {file = "coverage-7.6.7-pp39.pp310-none-any.whl", hash = "sha256:0ddcb70b3a3a57581b450571b31cb774f23eb9519c2aaa6176d3a84c9fc57671"},
    {file = "coverage-7.6.7.tar.gz", hash = "sha256:d79d4826e41441c9a118ff045e4bccb9fdbdcb1d02413e7ea6eb5c87b5439d24"},
]

[package.dependencies]
tomli = {version = "*", optional = true, markers = "python_full_version <= \"3.11.0a6\" and extra == \"toml\""}

[package.extras]
toml = ["tomli ; python_full_version <= \"3.11.0a6\""]

[[package]]
name = "exceptiongroup"
version = "1.2.2"
description = "Backport of PEP 654 (exception groups)"
optional = false
python-versions = ">=3.7"
groups = ["main"]
markers = "python_version < \"3.11\""
files = [
    {file = "exceptiongroup-1.2.2-py3-none-any.whl", hash = "sha256:3111b9d131c238bec2f8f516e123e14ba243563fb135d3fe885990585aa7795b"},
    {file = "exceptiongroup-1.2.2.tar.gz", hash = "sha256:47c2edf7c6738fafb49fd34290706d1a1a2f4d1c6df275526b62cbb4aa5393cc"},
]

[package.extras]
test = ["pytest (>=6)"]

[[package]]
name = "gcn-kafka"
version = "0.3.4"
description = "Kafka client for NASA's General Coordinates Network (GCN)"
optional = false
python-versions = ">=3.9"
groups = ["main"]
files = [
    {file = "gcn_kafka-0.3.4-py3-none-any.whl", hash = "sha256:dc7e5b5d05fa7ca05d6fcdc3bad6914bbae41bb6a0798e1b4cf48da54afe933c"},
    {file = "gcn_kafka-0.3.4.tar.gz", hash = "sha256:47ed3dbc94d1d981374e7e573a05ecc17356e577409a363f32a9891b1a7ad2be"},
]

[package.dependencies]
certifi = "*"
confluent-kafka = ">=2.11.0"

[package.extras]
test = ["pytest"]

[[package]]
name = "iniconfig"
version = "2.0.0"
description = "brain-dead simple config-ini parsing"
optional = false
python-versions = ">=3.7"
groups = ["main"]
files = [
    {file = "iniconfig-2.0.0-py3-none-any.whl", hash = "sha256:b6a85871a79d2e3b22d2d1b94ac2824226a63c6b741c88f7ae975f18b6778374"},
    {file = "iniconfig-2.0.0.tar.gz", hash = "sha256:2d91e135bf72d31a410b17c16da610a82cb55f6b0477d1a902134b24a455b8b3"},
]

[[package]]
name = "jmespath"
version = "1.0.1"
description = "JSON Matching Expressions"
optional = false
python-versions = ">=3.7"
groups = ["main"]
files = [
    {file = "jmespath-1.0.1-py3-none-any.whl", hash = "sha256:02e2e4cc71b5bcab88332eebf907519190dd9e6e82107fa7f83b1003a6252980"},
    {file = "jmespath-1.0.1.tar.gz", hash = "sha256:90261b206d6defd58fdd5e85f478bf633a2901798906be2ad389150c5c60edbe"},
]

[[package]]
name = "packaging"
version = "24.2"
description = "Core utilities for Python packages"
optional = false
python-versions = ">=3.8"
groups = ["main"]
files = [
    {file = "packaging-24.2-py3-none-any.whl", hash = "sha256:09abb1bccd265c01f4a3aa3f7a7db064b36514d2cba19a2f694fe6150451a759"},
    {file = "packaging-24.2.tar.gz", hash = "sha256:c228a6dc5e932d346bc5739379109d49e8853dd8223571c7c5b55260edc0b97f"},
]

[[package]]
name = "pluggy"
version = "1.5.0"
description = "plugin and hook calling mechanisms for python"
optional = false
python-versions = ">=3.8"
groups = ["main"]
files = [
    {file = "pluggy-1.5.0-py3-none-any.whl", hash = "sha256:44e1ad92c8ca002de6377e165f3e0f1be63266ab4d554740532335b9d75ea669"},
    {file = "pluggy-1.5.0.tar.gz", hash = "sha256:2cffa88e94fdc978c4c574f15f9e59b7f4201d439195c3715ca9e2486f1d0cf1"},
]

[package.extras]
dev = ["pre-commit", "tox"]
testing = ["pytest", "pytest-benchmark"]

[[package]]
name = "prometheus-client"
version = "0.21.1"
description = "Python client for the Prometheus monitoring system."
optional = false
python-versions = ">=3.8"
groups = ["main"]
files = [
    {file = "prometheus_client-0.21.1-py3-none-any.whl", hash = "sha256:594b45c410d6f4f8888940fe80b5cc2521b305a1fafe1c58609ef715a001f301"},
    {file = "prometheus_client-0.21.1.tar.gz", hash = "sha256:252505a722ac04b0456be05c05f75f45d760c2911ffc45f2a06bcaed9f3ae3fb"},
]

[package.extras]
twisted = ["twisted"]

[[package]]
name = "pygments"
version = "2.19.2"
description = "Pygments is a syntax highlighting package written in Python."
optional = false
python-versions = ">=3.8"
groups = ["main"]
files = [
    {file = "pygments-2.19.2-py3-none-any.whl", hash = "sha256:86540386c03d588bb81d44bc3928634ff26449851e99741617ecb9037ee5ec0b"},
    {file = "pygments-2.19.2.tar.gz", hash = "sha256:636cb2477cec7f8952536970bc533bc43743542f70392ae026374600add5b887"},
]

[package.extras]
windows-terminal = ["colorama (>=0.4.6)"]

[[package]]
name = "pytest"
version = "8.4.2"
description = "pytest: simple powerful testing with Python"
optional = false
python-versions = ">=3.9"
groups = ["main"]
files = [
    {file = "pytest-8.4.2-py3-none-any.whl", hash = "sha256:872f880de3fc3a5bdc88a11b39c9710c3497a547cfa9320bc3c5e62fbf272e79"},
    {file = "pytest-8.4.2.tar.gz", hash = "sha256:86c0d0b93306b961d58d62a4db4879f27fe25513d4b969df351abdddb3c30e01"},
]

[package.dependencies]
colorama = {version = ">=0.4", markers = "sys_platform == \"win32\""}
exceptiongroup = {version = ">=1", markers = "python_version < \"3.11\""}
iniconfig = ">=1"
packaging = ">=20"
pluggy = ">=1.5,<2"
pygments = ">=2.7.2"
tomli = {version = ">=1", markers = "python_version < \"3.11\""}

[package.extras]
dev = ["argcomplete", "attrs (>=19.2)", "hypothesis (>=3.56)", "mock", "requests", "setuptools", "xmlschema"]

[[package]]
name = "pytest-cov"
version = "6.3.0"
description = "Pytest plugin for measuring coverage."
optional = false
python-versions = ">=3.9"
groups = ["main"]
files = [
    {file = "pytest_cov-6.3.0-py3-none-any.whl", hash = "sha256:440db28156d2468cafc0415b4f8e50856a0d11faefa38f30906048fe490f1749"},
    {file = "pytest_cov-6.3.0.tar.gz", hash = "sha256:35c580e7800f87ce892e687461166e1ac2bcb8fb9e13aea79032518d6e503ff2"},
]

[package.dependencies]
coverage = {version = ">=7.5", extras = ["toml"]}
pluggy = ">=1.2"
pytest = ">=6.2.5"

[package.extras]
testing = ["fields", "hunter", "process-tests", "pytest-xdist", "virtualenv"]

[[package]]
name = "python-dateutil"
version = "2.9.0.post0"
description = "Extensions to the standard Python datetime module"
optional = false
python-versions = "!=3.0.*,!=3.1.*,!=3.2.*,>=2.7"
groups = ["main"]
files = [
    {file = "python-dateutil-2.9.0.post0.tar.gz", hash = "sha256:37dd54208da7e1cd875388217d5e00ebd4179249f90fb72437e91a35459a0ad3"},
    {file = "python_dateutil-2.9.0.post0-py2.py3-none-any.whl", hash = "sha256:a8b2bc7bffae282281c8140a97d3aa9c14da0b136dfe83f850eea9a5f7470427"},
]

[package.dependencies]
six = ">=1.5"

[[package]]
name = "s3transfer"
version = "0.11.4"
description = "An Amazon S3 Transfer Manager"
optional = false
python-versions = ">=3.8"
groups = ["main"]
files = [
    {file = "s3transfer-0.11.4-py3-none-any.whl", hash = "sha256:ac265fa68318763a03bf2dc4f39d5cbd6a9e178d81cc9483ad27da33637e320d"},
    {file = "s3transfer-0.11.4.tar.gz", hash = "sha256:559f161658e1cf0a911f45940552c696735f5c74e64362e515f333ebed87d679"},
]

[package.dependencies]
botocore = ">=1.37.4,<2.0a.0"

[package.extras]
crt = ["botocore[crt] (>=1.37.4,<2.0a.0)"]

[[package]]
name = "six"
version = "1.16.0"
description = "Python 2 and 3 compatibility utilities"
optional = false
python-versions = ">=2.7, !=3.0.*, !=3.1.*, !=3.2.*"
groups = ["main"]
files = [
    {file = "six-1.16.0-py2.py3-none-any.whl", hash = "sha256:8abb2f1d86890a2dfb989f9a77cfcfd3e47c2a354b01111771326f8aa26e0254"},
    {file = "six-1.16.0.tar.gz", hash = "sha256:1e61c37477a1626458e36f7b1d82aa5c9b094fa4802892072e49de9c60c4c926"},
]

[[package]]
name = "tomli"
version = "2.1.0"
description = "A lil' TOML parser"
optional = false
python-versions = ">=3.8"
groups = ["main"]
markers = "python_full_version <= \"3.11.0a6\""
files = [
    {file = "tomli-2.1.0-py3-none-any.whl", hash = "sha256:a5c57c3d1c56f5ccdf89f6523458f60ef716e210fc47c4cfb188c5ba473e0391"},
    {file = "tomli-2.1.0.tar.gz", hash = "sha256:3f646cae2aec94e17d04973e4249548320197cfabdf130015d023de4b74d8ab8"},
]

[[package]]
name = "urllib3"
version = "2.5.0"
description = "HTTP library with thread-safe connection pooling, file post, and more."
optional = false
python-versions = ">=3.9"
groups = ["main"]
files = [
    {file = "urllib3-2.5.0-py3-none-any.whl", hash = "sha256:e6b01673c0fa6a13e374b50871808eb3bf7046c4b125b216f6bf1cc604cff0dc"},
    {file = "urllib3-2.5.0.tar.gz", hash = "sha256:3fc47733c7e419d4bc3f6b3dc2b4f890bb743906a30d56ba4a5bfa4bbff92760"},
]

[package.extras]
brotli = ["brotli (>=1.0.9) ; platform_python_implementation == \"CPython\"", "brotlicffi (>=0.8.0) ; platform_python_implementation != \"CPython\""]
h2 = ["h2 (>=4,<5)"]
socks = ["pysocks (>=1.5.6,!=1.5.7,<2.0)"]
zstd = ["zstandard (>=0.18.0)"]

[metadata]
lock-version = "2.1"
python-versions = "^3.10"
content-hash = "9ac5781c9739c177a44c4f10e7ed211ae03b9a3439b4362cb06682cf1f141c50"
